
Microsoft Visual Studio Solution File, Format Version 12.00
# Visual Studio 15
VisualStudioVersion = 15.0.26124.0
MinimumVisualStudioVersion = 15.0.26124.0
Project("{FAE04EC0-301F-11D3-BF4B-00C04F79EFBC}") = "EPAM.CoreWorkshop.ReportHelper", "EPAM.CoreWorkshop.ReportHelper\EPAM.CoreWorkshop.ReportHelper.csproj", "{97F4687C-4873-47C4-8086-421A16774CB2}"
EndProject
Project("{FAE04EC0-301F-11D3-BF4B-00C04F79EFBC}") = "EPAM.CoreWorkshop.ReportHelper.Tests", "EPAM.CoreWorkshop.ReportHelper.Tests\EPAM.CoreWorkshop.ReportHelper.Tests.csproj", "{872C1EB0-F26A-459A-BBA8-C170D7FE67BC}"
EndProject
Project("{FAE04EC0-301F-11D3-BF4B-00C04F79EFBC}") = "EPAM.CoreWorkshop.TestConsoleApp", "EPAM.CoreWorkshop.TestConsoleApp\EPAM.CoreWorkshop.TestConsoleApp.csproj", "{78DBC7CD-E557-46B4-A106-764D02F8ACD7}"
EndProject
Global
	GlobalSection(SolutionConfigurationPlatforms) = preSolution
		Debug|Any CPU = Debug|Any CPU
		Debug|x64 = Debug|x64
		Debug|x86 = Debug|x86
		Release|Any CPU = Release|Any CPU
		Release|x64 = Release|x64
		Release|x86 = Release|x86
	EndGlobalSection
	GlobalSection(SolutionProperties) = preSolution
		HideSolutionNode = FALSE
	EndGlobalSection
	GlobalSection(ProjectConfigurationPlatforms) = postSolution
		{97F4687C-4873-47C4-8086-421A16774CB2}.Debug|Any CPU.ActiveCfg = Debug|Any CPU
		{97F4687C-4873-47C4-8086-421A16774CB2}.Debug|Any CPU.Build.0 = Debug|Any CPU
		{97F4687C-4873-47C4-8086-421A16774CB2}.Debug|x64.ActiveCfg = Debug|Any CPU
		{97F4687C-4873-47C4-8086-421A16774CB2}.Debug|x64.Build.0 = Debug|Any CPU
		{97F4687C-4873-47C4-8086-421A16774CB2}.Debug|x86.ActiveCfg = Debug|Any CPU
		{97F4687C-4873-47C4-8086-421A16774CB2}.Debug|x86.Build.0 = Debug|Any CPU
		{97F4687C-4873-47C4-8086-421A16774CB2}.Release|Any CPU.ActiveCfg = Release|Any CPU
		{97F4687C-4873-47C4-8086-421A16774CB2}.Release|Any CPU.Build.0 = Release|Any CPU
		{97F4687C-4873-47C4-8086-421A16774CB2}.Release|x64.ActiveCfg = Release|Any CPU
		{97F4687C-4873-47C4-8086-421A16774CB2}.Release|x64.Build.0 = Release|Any CPU
		{97F4687C-4873-47C4-8086-421A16774CB2}.Release|x86.ActiveCfg = Release|Any CPU
		{97F4687C-4873-47C4-8086-421A16774CB2}.Release|x86.Build.0 = Release|Any CPU
		{872C1EB0-F26A-459A-BBA8-C170D7FE67BC}.Debug|Any CPU.ActiveCfg = Debug|Any CPU
		{872C1EB0-F26A-459A-BBA8-C170D7FE67BC}.Debug|Any CPU.Build.0 = Debug|Any CPU
		{872C1EB0-F26A-459A-BBA8-C170D7FE67BC}.Debug|x64.ActiveCfg = Debug|Any CPU
		{872C1EB0-F26A-459A-BBA8-C170D7FE67BC}.Debug|x64.Build.0 = Debug|Any CPU
		{872C1EB0-F26A-459A-BBA8-C170D7FE67BC}.Debug|x86.ActiveCfg = Debug|Any CPU
		{872C1EB0-F26A-459A-BBA8-C170D7FE67BC}.Debug|x86.Build.0 = Debug|Any CPU
		{872C1EB0-F26A-459A-BBA8-C170D7FE67BC}.Release|Any CPU.ActiveCfg = Release|Any CPU
		{872C1EB0-F26A-459A-BBA8-C170D7FE67BC}.Release|Any CPU.Build.0 = Release|Any CPU
		{872C1EB0-F26A-459A-BBA8-C170D7FE67BC}.Release|x64.ActiveCfg = Release|Any CPU
		{872C1EB0-F26A-459A-BBA8-C170D7FE67BC}.Release|x64.Build.0 = Release|Any CPU
		{872C1EB0-F26A-459A-BBA8-C170D7FE67BC}.Release|x86.ActiveCfg = Release|Any CPU
		{872C1EB0-F26A-459A-BBA8-C170D7FE67BC}.Release|x86.Build.0 = Release|Any CPU
		{78DBC7CD-E557-46B4-A106-764D02F8ACD7}.Debug|Any CPU.ActiveCfg = Debug|Any CPU
		{78DBC7CD-E557-46B4-A106-764D02F8ACD7}.Debug|Any CPU.Build.0 = Debug|Any CPU
		{78DBC7CD-E557-46B4-A106-764D02F8ACD7}.Debug|x64.ActiveCfg = Debug|Any CPU
		{78DBC7CD-E557-46B4-A106-764D02F8ACD7}.Debug|x64.Build.0 = Debug|Any CPU
		{78DBC7CD-E557-46B4-A106-764D02F8ACD7}.Debug|x86.ActiveCfg = Debug|Any CPU
		{78DBC7CD-E557-46B4-A106-764D02F8ACD7}.Debug|x86.Build.0 = Debug|Any CPU
		{78DBC7CD-E557-46B4-A106-764D02F8ACD7}.Release|Any CPU.ActiveCfg = Release|Any CPU
		{78DBC7CD-E557-46B4-A106-764D02F8ACD7}.Release|Any CPU.Build.0 = Release|Any CPU
		{78DBC7CD-E557-46B4-A106-764D02F8ACD7}.Release|x64.ActiveCfg = Release|Any CPU
		{78DBC7CD-E557-46B4-A106-764D02F8ACD7}.Release|x64.Build.0 = Release|Any CPU
		{78DBC7CD-E557-46B4-A106-764D02F8ACD7}.Release|x86.ActiveCfg = Release|Any CPU
		{78DBC7CD-E557-46B4-A106-764D02F8ACD7}.Release|x86.Build.0 = Release|Any CPU
	EndGlobalSection
EndGlobal
